
Microsoft Visual Studio Solution File, Format Version 12.00
# Visual Studio 15
VisualStudioVersion = 15.0.28010.2026
MinimumVisualStudioVersion = 10.0.40219.1
Project("{FAE04EC0-301F-11D3-BF4B-00C04F79EFBC}") = "BOT-SpotSensor", "BOT-SpotSensor\BOT-SpotSensor.csproj", "{38D9B6B4-8F6C-499D-AE06-4FDA7999AF34}"
EndProject
Global
	GlobalSection(SolutionConfigurationPlatforms) = preSolution
		Debug|Any CPU = Debug|Any CPU
		Release|Any CPU = Release|Any CPU
	EndGlobalSection
	GlobalSection(ProjectConfigurationPlatforms) = postSolution
		{38D9B6B4-8F6C-499D-AE06-4FDA7999AF34}.Debug|Any CPU.ActiveCfg = Debug|Any CPU
		{38D9B6B4-8F6C-499D-AE06-4FDA7999AF34}.Debug|Any CPU.Build.0 = Debug|Any CPU
		{38D9B6B4-8F6C-499D-AE06-4FDA7999AF34}.Release|Any CPU.ActiveCfg = Release|Any CPU
		{38D9B6B4-8F6C-499D-AE06-4FDA7999AF34}.Release|Any CPU.Build.0 = Release|Any CPU
	EndGlobalSection
	GlobalSection(SolutionProperties) = preSolution
		HideSolutionNode = FALSE
	EndGlobalSection
	GlobalSection(ExtensibilityGlobals) = postSolution
		SolutionGuid = {874D6EB7-4FED-49F3-878B-6967DF95490B}
	EndGlobalSection
EndGlobal
